
Microsoft Visual Studio Solution File, Format Version 12.00
# Visual Studio Version 16
VisualStudioVersion = 16.0.31129.286
MinimumVisualStudioVersion = 10.0.40219.1
Project("{FAE04EC0-301F-11D3-BF4B-00C04F79EFBC}") = "AutoTrade", "AutoTrade\AutoTrade.csproj", "{DCA9C52A-51D9-496B-B0CA-570DFE6F681B}"
EndProject
Global
	GlobalSection(SolutionConfigurationPlatforms) = preSolution
		Debug|Any CPU = Debug|Any CPU
		Release|Any CPU = Release|Any CPU
	EndGlobalSection
	GlobalSection(ProjectConfigurationPlatforms) = postSolution
		{DCA9C52A-51D9-496B-B0CA-570DFE6F681B}.Debug|Any CPU.ActiveCfg = Debug|Any CPU
		{DCA9C52A-51D9-496B-B0CA-570DFE6F681B}.Debug|Any CPU.Build.0 = Debug|Any CPU
		{DCA9C52A-51D9-496B-B0CA-570DFE6F681B}.Release|Any CPU.ActiveCfg = Release|Any CPU
		{DCA9C52A-51D9-496B-B0CA-570DFE6F681B}.Release|Any CPU.Build.0 = Release|Any CPU
	EndGlobalSection
	GlobalSection(SolutionProperties) = preSolution
		HideSolutionNode = FALSE
	EndGlobalSection
	GlobalSection(ExtensibilityGlobals) = postSolution
		SolutionGuid = {C1B1E51C-6274-436C-A051-5683CC6EED81}
	EndGlobalSection
EndGlobal
